{
  "name": "telegram-bot-getids",
  "version": "1.3.1",
  "lockfileVersion": 2,
  "requires": true,
  "packages": {
    "": {
      "name": "telegram-bot-getids",
      "version": "1.3.1",
      "license": "MIT",
      "dependencies": {
        "html-escaper": "^2.0.2",
        "iso-lang-codes": "^2.1.1",
        "telegraf": "^4.8.6",
        "telegraf-i18n": "^6.6.0",
        "telegraf-ratelimit": "^2.0.0"
      },
      "devDependencies": {
        "prettier": "^3.0.1"
      }
    },
    "node_modules/abort-controller": {
      "version": "3.0.0",
      "resolved": "https://registry.npmjs.org/abort-controller/-/abort-controller-3.0.0.tgz",
      "integrity": "sha512-h8lQ8tacZYnR3vNQTgibj+tODHI5/+l06Au2Pcriv/Gmet0eaj4TwWH41sO9wnHDiQsEj19q0drzdWdeAHtweg==",
      "dependencies": {
        "event-target-shim": "^5.0.0"
      },
      "engines": {
        "node": ">=6.5"
      }
    },
    "node_modules/argparse": {
      "version": "1.0.10",
      "resolved": "https://registry.npmjs.org/argparse/-/argparse-1.0.10.tgz",
      "integrity": "sha512-o5Roy6tNG4SL/FOkCAN6RzjiakZS25RLYFrcMttJqbdd8BWrnA+fGz57iN5Pb06pvBGvl5gQ0B48dJlslXvoTg==",
      "dependencies": {
        "sprintf-js": "~1.0.2"
      }
    },
    "node_modules/buffer-alloc": {
      "version": "1.2.0",
      "resolved": "https://registry.npmjs.org/buffer-alloc/-/buffer-alloc-1.2.0.tgz",
      "integrity": "sha512-CFsHQgjtW1UChdXgbyJGtnm+O/uLQeZdtbDo8mfUgYXCHSM1wgrVxXm6bSyrUuErEb+4sYVGCzASBRot7zyrow==",
      "dependencies": {
        "buffer-alloc-unsafe": "^1.1.0",
        "buffer-fill": "^1.0.0"
      }
    },
    "node_modules/buffer-alloc-unsafe": {
      "version": "1.1.0",
      "resolved": "https://registry.npmjs.org/buffer-alloc-unsafe/-/buffer-alloc-unsafe-1.1.0.tgz",
      "integrity": "sha512-TEM2iMIEQdJ2yjPJoSIsldnleVaAk1oW3DBVUykyOLsEsFmEc9kn+SFFPz+gl54KQNxlDnAwCXosOS9Okx2xAg=="
    },
    "node_modules/buffer-fill": {
      "version": "1.0.0",
      "resolved": "https://registry.npmjs.org/buffer-fill/-/buffer-fill-1.0.0.tgz",
      "integrity": "sha1-+PeLdniYiO858gXNY39o5wISKyw="
    },
    "node_modules/compile-template": {
      "version": "0.3.1",
      "resolved": "https://registry.npmjs.org/compile-template/-/compile-template-0.3.1.tgz",
      "integrity": "sha512-5aB55cRApvy8zKPe9RrrLVysVpHafgp1IMvfGYQ8QnXrIsafYuj73yyIGYEHsslYoDxIs/XsM5wTIxICcwIKog==",
      "engines": {
        "node": ">=4.0.0"
      }
    },
    "node_modules/debug": {
      "version": "4.3.3",
      "resolved": "https://registry.npmjs.org/debug/-/debug-4.3.3.tgz",
      "integrity": "sha512-/zxw5+vh1Tfv+4Qn7a5nsbcJKPaSvCDhojn6FEl9vupwK2VCSDtEiEtqr8DFtzYFOdz63LBkxec7DYuc2jon6Q==",
      "dependencies": {
        "ms": "2.1.2"
      },
      "engines": {
        "node": ">=6.0"
      },
      "peerDependenciesMeta": {
        "supports-color": {
          "optional": true
        }
      }
    },
    "node_modules/esprima": {
      "version": "4.0.1",
      "resolved": "https://registry.npmjs.org/esprima/-/esprima-4.0.1.tgz",
      "integrity": "sha512-eGuFFw7Upda+g4p+QHvnW0RyTX/SVeJBDM/gCtMARO0cLuT2HcEKnTPvhjV6aGeqrCB/sbNop0Kszm0jsaWU4A==",
      "bin": {
        "esparse": "bin/esparse.js",
        "esvalidate": "bin/esvalidate.js"
      },
      "engines": {
        "node": ">=4"
      }
    },
    "node_modules/event-target-shim": {
      "version": "5.0.1",
      "resolved": "https://registry.npmjs.org/event-target-shim/-/event-target-shim-5.0.1.tgz",
      "integrity": "sha512-i/2XbnSz/uxRCU6+NdVJgKWDTM427+MqYbkQzD321DuCQJUqOuJKIA0IM2+W2xtYHdKOmZ4dR6fExsd4SXL+WQ==",
      "engines": {
        "node": ">=6"
      }
    },
    "node_modules/html-escaper": {
      "version": "2.0.2",
      "resolved": "https://registry.npmjs.org/html-escaper/-/html-escaper-2.0.2.tgz",
      "integrity": "sha512-H2iMtd0I4Mt5eYiapRdIDjp+XzelXQ0tFE4JS7YFwFevXXMmOp9myNrUvCg0D6ws8iqkRPBfKHgbwig1SmlLfg=="
    },
    "node_modules/iso-lang-codes": {
      "version": "2.1.1",
      "resolved": "https://registry.npmjs.org/iso-lang-codes/-/iso-lang-codes-2.1.1.tgz",
      "integrity": "sha512-TmVLR/0lCbNZTOASkoBF35vYALStiHEIVYWZDQNo/o0HLK8ngZC8FmudE4aYzNxK3S8t1YshNROLyoR/UdbqXg=="
    },
    "node_modules/js-yaml": {
      "version": "3.13.1",
      "resolved": "https://registry.npmjs.org/js-yaml/-/js-yaml-3.13.1.tgz",
      "integrity": "sha512-YfbcO7jXDdyj0DGxYVSlSeQNHbD7XPWvrVWeVUujrQEoZzWJIRrCPoyk6kL6IAjAG2IolMK4T0hNUe0HOUs5Jw==",
      "dependencies": {
        "argparse": "^1.0.7",
        "esprima": "^4.0.0"
      },
      "bin": {
        "js-yaml": "bin/js-yaml.js"
      }
    },
    "node_modules/minimist": {
      "version": "1.2.6",
      "resolved": "https://registry.npmjs.org/minimist/-/minimist-1.2.6.tgz",
      "integrity": "sha512-Jsjnk4bw3YJqYzbdyBiNsPWHPfO++UGG749Cxs6peCu5Xg4nrena6OVxOYxrQTqww0Jmwt+Ref8rggumkTLz9Q=="
    },
    "node_modules/module-alias": {
      "version": "2.2.2",
      "resolved": "https://registry.npmjs.org/module-alias/-/module-alias-2.2.2.tgz",
      "integrity": "sha512-A/78XjoX2EmNvppVWEhM2oGk3x4lLxnkEA4jTbaK97QKSDjkIoOsKQlfylt/d3kKKi596Qy3NP5XrXJ6fZIC9Q=="
    },
    "node_modules/ms": {
      "version": "2.1.2",
      "resolved": "https://registry.npmjs.org/ms/-/ms-2.1.2.tgz",
      "integrity": "sha512-sGkPx+VjMtmA6MX27oA4FBFELFCZZ4S4XqeGOXCv68tT+jb3vk/RyaKWP0PTKyWtmLSM0b+adUTEvbs1PEaH2w=="
    },
    "node_modules/node-fetch": {
      "version": "2.6.7",
      "resolved": "https://registry.npmjs.org/node-fetch/-/node-fetch-2.6.7.tgz",
      "integrity": "sha512-ZjMPFEfVx5j+y2yF35Kzx5sF7kDzxuDj6ziH4FFbOp87zKDZNx8yExJIb05OGF4Nlt9IHFIMBkRl41VdvcNdbQ==",
      "dependencies": {
        "whatwg-url": "^5.0.0"
      },
      "engines": {
        "node": "4.x || >=6.0.0"
      },
      "peerDependencies": {
        "encoding": "^0.1.0"
      },
      "peerDependenciesMeta": {
        "encoding": {
          "optional": true
        }
      }
    },
    "node_modules/p-timeout": {
      "version": "4.1.0",
      "resolved": "https://registry.npmjs.org/p-timeout/-/p-timeout-4.1.0.tgz",
      "integrity": "sha512-+/wmHtzJuWii1sXn3HCuH/FTwGhrp4tmJTxSKJbfS+vkipci6osxXM5mY0jUiRzWKMTgUT8l7HFbeSwZAynqHw==",
      "engines": {
        "node": ">=10"
      }
    },
    "node_modules/prettier": {
      "version": "3.0.1",
      "resolved": "https://registry.npmjs.org/prettier/-/prettier-3.0.1.tgz",
      "integrity": "sha512-fcOWSnnpCrovBsmFZIGIy9UqK2FaI7Hqax+DIO0A9UxeVoY4iweyaFjS5TavZN97Hfehph0nhsZnjlVKzEQSrQ==",
      "dev": true,
      "bin": {
        "prettier": "bin/prettier.cjs"
      },
      "engines": {
        "node": ">=14"
      },
      "funding": {
        "url": "https://github.com/prettier/prettier?sponsor=1"
      }
    },
    "node_modules/safe-compare": {
      "version": "1.1.4",
      "resolved": "https://registry.npmjs.org/safe-compare/-/safe-compare-1.1.4.tgz",
      "integrity": "sha512-b9wZ986HHCo/HbKrRpBJb2kqXMK9CEWIE1egeEvZsYn69ay3kdfl9nG3RyOcR+jInTDf7a86WQ1d4VJX7goSSQ==",
      "dependencies": {
        "buffer-alloc": "^1.2.0"
      }
    },
    "node_modules/sandwich-stream": {
      "version": "2.0.2",
      "resolved": "https://registry.npmjs.org/sandwich-stream/-/sandwich-stream-2.0.2.tgz",
      "integrity": "sha512-jLYV0DORrzY3xaz/S9ydJL6Iz7essZeAfnAavsJ+zsJGZ1MOnsS52yRjU3uF3pJa/lla7+wisp//fxOwOH8SKQ==",
      "engines": {
        "node": ">= 0.10"
      }
    },
    "node_modules/sprintf-js": {
      "version": "1.0.3",
      "resolved": "https://registry.npmjs.org/sprintf-js/-/sprintf-js-1.0.3.tgz",
      "integrity": "sha1-BOaSb2YolTVPPdAVIDYzuFcpfiw="
    },
    "node_modules/telegraf": {
      "version": "4.8.6",
      "resolved": "https://registry.npmjs.org/telegraf/-/telegraf-4.8.6.tgz",
      "integrity": "sha512-FixxnJBrS8ECk/Wmo3VXzkTOlY2A1gsdIORJ//cdh3PcVqAL7wgcvLKjkEPI0IyxdFfRqTrWQEOn9h++revQaA==",
      "dependencies": {
        "abort-controller": "^3.0.0",
        "debug": "^4.3.3",
        "minimist": "^1.2.6",
        "module-alias": "^2.2.2",
        "node-fetch": "^2.6.7",
        "p-timeout": "^4.1.0",
        "safe-compare": "^1.1.4",
        "sandwich-stream": "^2.0.2",
        "typegram": "^3.9.0"
      },
      "bin": {
        "telegraf": "bin/telegraf"
      },
      "engines": {
        "node": "^12.20.0 || >=14.13.1"
      }
    },
    "node_modules/telegraf-i18n": {
      "version": "6.6.0",
      "resolved": "https://registry.npmjs.org/telegraf-i18n/-/telegraf-i18n-6.6.0.tgz",
      "integrity": "sha512-xe8ztg9lh5IoN0xjlHpuNkF/b2+HGMYEDwURFYaKbUIavNSXpB5B48WeOJ6MySEAIRNegc+S9lLzJcb4JBPX0g==",
      "dependencies": {
        "compile-template": "^0.3.1",
        "debug": "^4.0.1",
        "js-yaml": "^3.6.1"
      },
      "engines": {
        "node": ">=8"
      },
      "peerDependencies": {
        "telegraf": "^3.7.1"
      }
    },
    "node_modules/telegraf-ratelimit": {
      "version": "2.0.0",
      "resolved": "https://registry.npmjs.org/telegraf-ratelimit/-/telegraf-ratelimit-2.0.0.tgz",
      "integrity": "sha512-OUVJRz+pVDpkOfwvFuv4x5YxcPIl6puPN3HRdicN3NDnT+jQeMzKDwVAkvloUtyH1Ruo1wH4nfB5tZbtJAJ4pQ==",
      "dependencies": {
        "debug": "^3.1.0"
      },
      "engines": {
        "node": ">=6.2.1"
      }
    },
    "node_modules/telegraf-ratelimit/node_modules/debug": {
      "version": "3.2.6",
      "resolved": "https://registry.npmjs.org/debug/-/debug-3.2.6.tgz",
      "integrity": "sha512-mel+jf7nrtEl5Pn1Qx46zARXKDpBbvzezse7p7LqINmdoIk8PYP5SySaxEmYv6TZ0JyEKA1hsCId6DIhgITtWQ==",
      "deprecated": "Debug versions >=3.2.0 <3.2.7 || >=4 <4.3.1 have a low-severity ReDos regression when used in a Node.js environment. It is recommended you upgrade to 3.2.7 or 4.3.1. (https://github.com/visionmedia/debug/issues/797)",
      "dependencies": {
        "ms": "^2.1.1"
      }
    },
    "node_modules/tr46": {
      "version": "0.0.3",
      "resolved": "https://registry.npmjs.org/tr46/-/tr46-0.0.3.tgz",
      "integrity": "sha1-gYT9NH2snNwYWZLzpmIuFLnZq2o="
    },
    "node_modules/typegram": {
      "version": "3.9.1",
      "resolved": "https://registry.npmjs.org/typegram/-/typegram-3.9.1.tgz",
      "integrity": "sha512-vfFr2o0iX+amnUj1h/0c49y8bCvGwt6DgdmTVD732Kf81XG26vgFwNWj+33Ol+xORC7m0cqU2hPYGRtcGinwZg=="
    },
    "node_modules/webidl-conversions": {
      "version": "3.0.1",
      "resolved": "https://registry.npmjs.org/webidl-conversions/-/webidl-conversions-3.0.1.tgz",
      "integrity": "sha1-JFNCdeKnvGvnvIZhHMFq4KVlSHE="
    },
    "node_modules/whatwg-url": {
      "version": "5.0.0",
      "resolved": "https://registry.npmjs.org/whatwg-url/-/whatwg-url-5.0.0.tgz",
      "integrity": "sha1-lmRU6HZUYuN2RNNib2dCzotwll0=",
      "dependencies": {
        "tr46": "~0.0.3",
        "webidl-conversions": "^3.0.0"
      }
    }
  },
  "dependencies": {
    "abort-controller": {
      "version": "3.0.0",
      "resolved": "https://registry.npmjs.org/abort-controller/-/abort-controller-3.0.0.tgz",
      "integrity": "sha512-h8lQ8tacZYnR3vNQTgibj+tODHI5/+l06Au2Pcriv/Gmet0eaj4TwWH41sO9wnHDiQsEj19q0drzdWdeAHtweg==",
      "requires": {
        "event-target-shim": "^5.0.0"
      }
    },
    "argparse": {
      "version": "1.0.10",
      "resolved": "https://registry.npmjs.org/argparse/-/argparse-1.0.10.tgz",
      "integrity": "sha512-o5Roy6tNG4SL/FOkCAN6RzjiakZS25RLYFrcMttJqbdd8BWrnA+fGz57iN5Pb06pvBGvl5gQ0B48dJlslXvoTg==",
      "requires": {
        "sprintf-js": "~1.0.2"
      }
    },
    "buffer-alloc": {
      "version": "1.2.0",
      "resolved": "https://registry.npmjs.org/buffer-alloc/-/buffer-alloc-1.2.0.tgz",
      "integrity": "sha512-CFsHQgjtW1UChdXgbyJGtnm+O/uLQeZdtbDo8mfUgYXCHSM1wgrVxXm6bSyrUuErEb+4sYVGCzASBRot7zyrow==",
      "requires": {
        "buffer-alloc-unsafe": "^1.1.0",
        "buffer-fill": "^1.0.0"
      }
    },
    "buffer-alloc-unsafe": {
      "version": "1.1.0",
      "resolved": "https://registry.npmjs.org/buffer-alloc-unsafe/-/buffer-alloc-unsafe-1.1.0.tgz",
      "integrity": "sha512-TEM2iMIEQdJ2yjPJoSIsldnleVaAk1oW3DBVUykyOLsEsFmEc9kn+SFFPz+gl54KQNxlDnAwCXosOS9Okx2xAg=="
    },
    "buffer-fill": {
      "version": "1.0.0",
      "resolved": "https://registry.npmjs.org/buffer-fill/-/buffer-fill-1.0.0.tgz",
      "integrity": "sha1-+PeLdniYiO858gXNY39o5wISKyw="
    },
    "compile-template": {
      "version": "0.3.1",
      "resolved": "https://registry.npmjs.org/compile-template/-/compile-template-0.3.1.tgz",
      "integrity": "sha512-5aB55cRApvy8zKPe9RrrLVysVpHafgp1IMvfGYQ8QnXrIsafYuj73yyIGYEHsslYoDxIs/XsM5wTIxICcwIKog=="
    },
    "debug": {
      "version": "4.3.3",
      "resolved": "https://registry.npmjs.org/debug/-/debug-4.3.3.tgz",
      "integrity": "sha512-/zxw5+vh1Tfv+4Qn7a5nsbcJKPaSvCDhojn6FEl9vupwK2VCSDtEiEtqr8DFtzYFOdz63LBkxec7DYuc2jon6Q==",
      "requires": {
        "ms": "2.1.2"
      }
    },
    "esprima": {
      "version": "4.0.1",
      "resolved": "https://registry.npmjs.org/esprima/-/esprima-4.0.1.tgz",
      "integrity": "sha512-eGuFFw7Upda+g4p+QHvnW0RyTX/SVeJBDM/gCtMARO0cLuT2HcEKnTPvhjV6aGeqrCB/sbNop0Kszm0jsaWU4A=="
    },
    "event-target-shim": {
      "version": "5.0.1",
      "resolved": "https://registry.npmjs.org/event-target-shim/-/event-target-shim-5.0.1.tgz",
      "integrity": "sha512-i/2XbnSz/uxRCU6+NdVJgKWDTM427+MqYbkQzD321DuCQJUqOuJKIA0IM2+W2xtYHdKOmZ4dR6fExsd4SXL+WQ=="
    },
    "html-escaper": {
      "version": "2.0.2",
      "resolved": "https://registry.npmjs.org/html-escaper/-/html-escaper-2.0.2.tgz",
      "integrity": "sha512-H2iMtd0I4Mt5eYiapRdIDjp+XzelXQ0tFE4JS7YFwFevXXMmOp9myNrUvCg0D6ws8iqkRPBfKHgbwig1SmlLfg=="
    },
    "iso-lang-codes": {
      "version": "2.1.1",
      "resolved": "https://registry.npmjs.org/iso-lang-codes/-/iso-lang-codes-2.1.1.tgz",
      "integrity": "sha512-TmVLR/0lCbNZTOASkoBF35vYALStiHEIVYWZDQNo/o0HLK8ngZC8FmudE4aYzNxK3S8t1YshNROLyoR/UdbqXg=="
    },
    "js-yaml": {
      "version": "3.13.1",
      "resolved": "https://registry.npmjs.org/js-yaml/-/js-yaml-3.13.1.tgz",
      "integrity": "sha512-YfbcO7jXDdyj0DGxYVSlSeQNHbD7XPWvrVWeVUujrQEoZzWJIRrCPoyk6kL6IAjAG2IolMK4T0hNUe0HOUs5Jw==",
      "requires": {
        "argparse": "^1.0.7",
        "esprima": "^4.0.0"
      }
    },
    "minimist": {
      "version": "1.2.6",
      "resolved": "https://registry.npmjs.org/minimist/-/minimist-1.2.6.tgz",
      "integrity": "sha512-Jsjnk4bw3YJqYzbdyBiNsPWHPfO++UGG749Cxs6peCu5Xg4nrena6OVxOYxrQTqww0Jmwt+Ref8rggumkTLz9Q=="
    },
    "module-alias": {
      "version": "2.2.2",
      "resolved": "https://registry.npmjs.org/module-alias/-/module-alias-2.2.2.tgz",
      "integrity": "sha512-A/78XjoX2EmNvppVWEhM2oGk3x4lLxnkEA4jTbaK97QKSDjkIoOsKQlfylt/d3kKKi596Qy3NP5XrXJ6fZIC9Q=="
    },
    "ms": {
      "version": "2.1.2",
      "resolved": "https://registry.npmjs.org/ms/-/ms-2.1.2.tgz",
      "integrity": "sha512-sGkPx+VjMtmA6MX27oA4FBFELFCZZ4S4XqeGOXCv68tT+jb3vk/RyaKWP0PTKyWtmLSM0b+adUTEvbs1PEaH2w=="
    },
    "node-fetch": {
      "version": "2.6.7",
      "resolved": "https://registry.npmjs.org/node-fetch/-/node-fetch-2.6.7.tgz",
      "integrity": "sha512-ZjMPFEfVx5j+y2yF35Kzx5sF7kDzxuDj6ziH4FFbOp87zKDZNx8yExJIb05OGF4Nlt9IHFIMBkRl41VdvcNdbQ==",
      "requires": {
        "whatwg-url": "^5.0.0"
      }
    },
    "p-timeout": {
      "version": "4.1.0",
      "resolved": "https://registry.npmjs.org/p-timeout/-/p-timeout-4.1.0.tgz",
      "integrity": "sha512-+/wmHtzJuWii1sXn3HCuH/FTwGhrp4tmJTxSKJbfS+vkipci6osxXM5mY0jUiRzWKMTgUT8l7HFbeSwZAynqHw=="
    },
    "prettier": {
      "version": "3.0.1",
      "resolved": "https://registry.npmjs.org/prettier/-/prettier-3.0.1.tgz",
      "integrity": "sha512-fcOWSnnpCrovBsmFZIGIy9UqK2FaI7Hqax+DIO0A9UxeVoY4iweyaFjS5TavZN97Hfehph0nhsZnjlVKzEQSrQ==",
      "dev": true
    },
    "safe-compare": {
      "version": "1.1.4",
      "resolved": "https://registry.npmjs.org/safe-compare/-/safe-compare-1.1.4.tgz",
      "integrity": "sha512-b9wZ986HHCo/HbKrRpBJb2kqXMK9CEWIE1egeEvZsYn69ay3kdfl9nG3RyOcR+jInTDf7a86WQ1d4VJX7goSSQ==",
      "requires": {
        "buffer-alloc": "^1.2.0"
      }
    },
    "sandwich-stream": {
      "version": "2.0.2",
      "resolved": "https://registry.npmjs.org/sandwich-stream/-/sandwich-stream-2.0.2.tgz",
      "integrity": "sha512-jLYV0DORrzY3xaz/S9ydJL6Iz7essZeAfnAavsJ+zsJGZ1MOnsS52yRjU3uF3pJa/lla7+wisp//fxOwOH8SKQ=="
    },
    "sprintf-js": {
      "version": "1.0.3",
      "resolved": "https://registry.npmjs.org/sprintf-js/-/sprintf-js-1.0.3.tgz",
      "integrity": "sha1-BOaSb2YolTVPPdAVIDYzuFcpfiw="
    },
    "telegraf": {
      "version": "4.8.6",
      "resolved": "https://registry.npmjs.org/telegraf/-/telegraf-4.8.6.tgz",
      "integrity": "sha512-FixxnJBrS8ECk/Wmo3VXzkTOlY2A1gsdIORJ//cdh3PcVqAL7wgcvLKjkEPI0IyxdFfRqTrWQEOn9h++revQaA==",
      "requires": {
        "abort-controller": "^3.0.0",
        "debug": "^4.3.3",
        "minimist": "^1.2.6",
        "module-alias": "^2.2.2",
        "node-fetch": "^2.6.7",
        "p-timeout": "^4.1.0",
        "safe-compare": "^1.1.4",
        "sandwich-stream": "^2.0.2",
        "typegram": "^3.9.0"
      }
    },
    "telegraf-i18n": {
      "version": "6.6.0",
      "resolved": "https://registry.npmjs.org/telegraf-i18n/-/telegraf-i18n-6.6.0.tgz",
      "integrity": "sha512-xe8ztg9lh5IoN0xjlHpuNkF/b2+HGMYEDwURFYaKbUIavNSXpB5B48WeOJ6MySEAIRNegc+S9lLzJcb4JBPX0g==",
      "requires": {
        "compile-template": "^0.3.1",
        "debug": "^4.0.1",
        "js-yaml": "^3.6.1"
      }
    },
    "telegraf-ratelimit": {
      "version": "2.0.0",
      "resolved": "https://registry.npmjs.org/telegraf-ratelimit/-/telegraf-ratelimit-2.0.0.tgz",
      "integrity": "sha512-OUVJRz+pVDpkOfwvFuv4x5YxcPIl6puPN3HRdicN3NDnT+jQeMzKDwVAkvloUtyH1Ruo1wH4nfB5tZbtJAJ4pQ==",
      "requires": {
        "debug": "^3.1.0"
      },
      "dependencies": {
        "debug": {
          "version": "3.2.6",
          "resolved": "https://registry.npmjs.org/debug/-/debug-3.2.6.tgz",
          "integrity": "sha512-mel+jf7nrtEl5Pn1Qx46zARXKDpBbvzezse7p7LqINmdoIk8PYP5SySaxEmYv6TZ0JyEKA1hsCId6DIhgITtWQ==",
          "requires": {
            "ms": "^2.1.1"
          }
        }
      }
    },
    "tr46": {
      "version": "0.0.3",
      "resolved": "https://registry.npmjs.org/tr46/-/tr46-0.0.3.tgz",
      "integrity": "sha1-gYT9NH2snNwYWZLzpmIuFLnZq2o="
    },
    "typegram": {
      "version": "3.9.1",
      "resolved": "https://registry.npmjs.org/typegram/-/typegram-3.9.1.tgz",
      "integrity": "sha512-vfFr2o0iX+amnUj1h/0c49y8bCvGwt6DgdmTVD732Kf81XG26vgFwNWj+33Ol+xORC7m0cqU2hPYGRtcGinwZg=="
    },
    "webidl-conversions": {
      "version": "3.0.1",
      "resolved": "https://registry.npmjs.org/webidl-conversions/-/webidl-conversions-3.0.1.tgz",
      "integrity": "sha1-JFNCdeKnvGvnvIZhHMFq4KVlSHE="
    },
    "whatwg-url": {
      "version": "5.0.0",
      "resolved": "https://registry.npmjs.org/whatwg-url/-/whatwg-url-5.0.0.tgz",
      "integrity": "sha1-lmRU6HZUYuN2RNNib2dCzotwll0=",
      "requires": {
        "tr46": "~0.0.3",
        "webidl-conversions": "^3.0.0"
      }
    }
  }
}
